
Microsoft Visual Studio Solution File, Format Version 12.00
# Visual Studio Version 17
VisualStudioVersion = 17.1.32421.90
MinimumVisualStudioVersion = 10.0.40219.1
Project("{9A19103F-16F7-4668-BE54-9A1E7A4F7556}") = "ECommerceProject.API", "ECommerceProject.API\ECommerceProject.API.csproj", "{7ED00101-51B4-4CD4-80DB-90054D7FDD73}"
EndProject
Project("{FAE04EC0-301F-11D3-BF4B-00C04F79EFBC}") = "ECommerceProject.Core", "ECommerceProject.Models\ECommerceProject.Core.csproj", "{931923A6-16EC-4D11-AEFE-8F53642E8551}"
EndProject
Project("{FAE04EC0-301F-11D3-BF4B-00C04F79EFBC}") = "MyServices", "MyServices\MyServices.csproj", "{D455D4A5-5659-467E-B8F6-A1192D17C6F4}"
EndProject
Global
	GlobalSection(SolutionConfigurationPlatforms) = preSolution
		Debug|Any CPU = Debug|Any CPU
		Release|Any CPU = Release|Any CPU
	EndGlobalSection
	GlobalSection(ProjectConfigurationPlatforms) = postSolution
		{7ED00101-51B4-4CD4-80DB-90054D7FDD73}.Debug|Any CPU.ActiveCfg = Debug|Any CPU
		{7ED00101-51B4-4CD4-80DB-90054D7FDD73}.Debug|Any CPU.Build.0 = Debug|Any CPU
		{7ED00101-51B4-4CD4-80DB-90054D7FDD73}.Release|Any CPU.ActiveCfg = Release|Any CPU
		{7ED00101-51B4-4CD4-80DB-90054D7FDD73}.Release|Any CPU.Build.0 = Release|Any CPU
		{931923A6-16EC-4D11-AEFE-8F53642E8551}.Debug|Any CPU.ActiveCfg = Debug|Any CPU
		{931923A6-16EC-4D11-AEFE-8F53642E8551}.Debug|Any CPU.Build.0 = Debug|Any CPU
		{931923A6-16EC-4D11-AEFE-8F53642E8551}.Release|Any CPU.ActiveCfg = Release|Any CPU
		{931923A6-16EC-4D11-AEFE-8F53642E8551}.Release|Any CPU.Build.0 = Release|Any CPU
		{D455D4A5-5659-467E-B8F6-A1192D17C6F4}.Debug|Any CPU.ActiveCfg = Debug|Any CPU
		{D455D4A5-5659-467E-B8F6-A1192D17C6F4}.Debug|Any CPU.Build.0 = Debug|Any CPU
		{D455D4A5-5659-467E-B8F6-A1192D17C6F4}.Release|Any CPU.ActiveCfg = Release|Any CPU
		{D455D4A5-5659-467E-B8F6-A1192D17C6F4}.Release|Any CPU.Build.0 = Release|Any CPU
	EndGlobalSection
	GlobalSection(SolutionProperties) = preSolution
		HideSolutionNode = FALSE
	EndGlobalSection
	GlobalSection(ExtensibilityGlobals) = postSolution
		SolutionGuid = {9A1ACEDB-6941-486A-BD64-2EAA412FF64E}
	EndGlobalSection
EndGlobal
